// !$*UTF8*$!
{
	archiveVersion = 1;
	classes = {
	};
	objectVersion = 55;
	objects = {

/* Begin PBXBuildFile section */
		C3C9C648F2B8726F7803A2A5 /* Pods_Instagram.framework in Frameworks */ = {isa = PBXBuildFile; fileRef = 9A46B725BC3126AC3DF8B313 /* Pods_Instagram.framework */; };
		FA33E2C3274FC3840017F246 /* AppDelegate.swift in Sources */ = {isa = PBXBuildFile; fileRef = FA33E2C2274FC3840017F246 /* AppDelegate.swift */; };
		FA33E2C5274FC3840017F246 /* SceneDelegate.swift in Sources */ = {isa = PBXBuildFile; fileRef = FA33E2C4274FC3840017F246 /* SceneDelegate.swift */; };
		FA33E2C7274FC3840017F246 /* HomeViewController.swift in Sources */ = {isa = PBXBuildFile; fileRef = FA33E2C6274FC3840017F246 /* HomeViewController.swift */; };
		FA33E2CA274FC3840017F246 /* Main.storyboard in Resources */ = {isa = PBXBuildFile; fileRef = FA33E2C8274FC3840017F246 /* Main.storyboard */; };
		FA33E2CC274FC3880017F246 /* Assets.xcassets in Resources */ = {isa = PBXBuildFile; fileRef = FA33E2CB274FC3880017F246 /* Assets.xcassets */; };
		FA33E2CF274FC3880017F246 /* LaunchScreen.storyboard in Resources */ = {isa = PBXBuildFile; fileRef = FA33E2CD274FC3880017F246 /* LaunchScreen.storyboard */; };
		FA33E2DD274FC5190017F246 /* ExploreViewController.swift in Sources */ = {isa = PBXBuildFile; fileRef = FA33E2DC274FC5190017F246 /* ExploreViewController.swift */; };
		FA33E2DF274FC5290017F246 /* CameraViewController.swift in Sources */ = {isa = PBXBuildFile; fileRef = FA33E2DE274FC5290017F246 /* CameraViewController.swift */; };
		FA33E2E1274FC5410017F246 /* NotificationViewController.swift in Sources */ = {isa = PBXBuildFile; fileRef = FA33E2E0274FC5410017F246 /* NotificationViewController.swift */; };
		FA33E2E3274FC54A0017F246 /* ProfileViewController.swift in Sources */ = {isa = PBXBuildFile; fileRef = FA33E2E2274FC54A0017F246 /* ProfileViewController.swift */; };
		FA33E2E8274FC5B90017F246 /* LoginViewController.swift in Sources */ = {isa = PBXBuildFile; fileRef = FA33E2E7274FC5B90017F246 /* LoginViewController.swift */; };
		FA33E2EB274FC6070017F246 /* RegistrationViewController.swift in Sources */ = {isa = PBXBuildFile; fileRef = FA33E2EA274FC6070017F246 /* RegistrationViewController.swift */; };
		FA33E2ED274FC6500017F246 /* PostViewController.swift in Sources */ = {isa = PBXBuildFile; fileRef = FA33E2EC274FC6500017F246 /* PostViewController.swift */; };
		FA33E2EF274FC67D0017F246 /* EditProfileViewController.swift in Sources */ = {isa = PBXBuildFile; fileRef = FA33E2EE274FC67D0017F246 /* EditProfileViewController.swift */; };
		FA33E2F1274FC6960017F246 /* SettingsViewController.swift in Sources */ = {isa = PBXBuildFile; fileRef = FA33E2F0274FC6960017F246 /* SettingsViewController.swift */; };
		FA33E2F3274FC6A70017F246 /* ListViewController.swift in Sources */ = {isa = PBXBuildFile; fileRef = FA33E2F2274FC6A70017F246 /* ListViewController.swift */; };
		FA33E2F5274FC6B60017F246 /* SearchViewController.swift in Sources */ = {isa = PBXBuildFile; fileRef = FA33E2F4274FC6B60017F246 /* SearchViewController.swift */; };
		FA33E2F7274FC6C40017F246 /* SearchResultViewController.swift in Sources */ = {isa = PBXBuildFile; fileRef = FA33E2F6274FC6C40017F246 /* SearchResultViewController.swift */; };
		FA33E2F9274FC7050017F246 /* PostEditorViewController.swift in Sources */ = {isa = PBXBuildFile; fileRef = FA33E2F8274FC7050017F246 /* PostEditorViewController.swift */; };
		FA33E2FB274FC7250017F246 /* PublishPostViewController.swift in Sources */ = {isa = PBXBuildFile; fileRef = FA33E2FA274FC7250017F246 /* PublishPostViewController.swift */; };
		FA857D9D2751228D008757DC /* Extensions.swift in Sources */ = {isa = PBXBuildFile; fileRef = FA857D9C2751228D008757DC /* Extensions.swift */; };
		FA857DA02754C9FD008757DC /* IGFeedPostTableViewCell.swift in Sources */ = {isa = PBXBuildFile; fileRef = FA857D9F2754C9FD008757DC /* IGFeedPostTableViewCell.swift */; };
		FA857DA32754CBEA008757DC /* IGFeedPostHeaderTableViewCell.swift in Sources */ = {isa = PBXBuildFile; fileRef = FA857DA22754CBEA008757DC /* IGFeedPostHeaderTableViewCell.swift */; };
		FA857DA52754CC07008757DC /* IGPostActionsTableViewCell.swift in Sources */ = {isa = PBXBuildFile; fileRef = FA857DA42754CC07008757DC /* IGPostActionsTableViewCell.swift */; };
		FA857DA72754CC27008757DC /* IGFeedPostGeneralTableViewCell.swift in Sources */ = {isa = PBXBuildFile; fileRef = FA857DA62754CC27008757DC /* IGFeedPostGeneralTableViewCell.swift */; };
		FA857DA927563E17008757DC /* FormTableViewCell.swift in Sources */ = {isa = PBXBuildFile; fileRef = FA857DA827563E17008757DC /* FormTableViewCell.swift */; };
		FA857DAD2756608D008757DC /* PhotoCollectionViewCell.swift in Sources */ = {isa = PBXBuildFile; fileRef = FA857DAC2756608D008757DC /* PhotoCollectionViewCell.swift */; };
		FA857DAF27566302008757DC /* ProfileInfoHeaderCollectionReusableView.swift in Sources */ = {isa = PBXBuildFile; fileRef = FA857DAE27566302008757DC /* ProfileInfoHeaderCollectionReusableView.swift */; };
		FA857DB12756633A008757DC /* ProfileTabsCollectionReusableView.swift in Sources */ = {isa = PBXBuildFile; fileRef = FA857DB02756633A008757DC /* ProfileTabsCollectionReusableView.swift */; };
		FA857DB32760C984008757DC /* Models.swift in Sources */ = {isa = PBXBuildFile; fileRef = FA857DB22760C984008757DC /* Models.swift */; };
		FAD7E9032751058000EBA216 /* GoogleService-Info.plist in Resources */ = {isa = PBXBuildFile; fileRef = FAD7E9022751058000EBA216 /* GoogleService-Info.plist */; };
		FAD7E90627510AD800EBA216 /* DatabaseManager.swift in Sources */ = {isa = PBXBuildFile; fileRef = FAD7E90527510AD800EBA216 /* DatabaseManager.swift */; };
		FAD7E908275116F100EBA216 /* AuthManager.swift in Sources */ = {isa = PBXBuildFile; fileRef = FAD7E907275116F100EBA216 /* AuthManager.swift */; };
		FAD7E90A2751170200EBA216 /* StorageManager.swift in Sources */ = {isa = PBXBuildFile; fileRef = FAD7E9092751170200EBA216 /* StorageManager.swift */; };
/* End PBXBuildFile section */

/* Begin PBXFileReference section */
		148D833E8D6B04B67DB98DC6 /* Pods-Instagram.debug.xcconfig */ = {isa = PBXFileReference; includeInIndex = 1; lastKnownFileType = text.xcconfig; name = "Pods-Instagram.debug.xcconfig"; path = "Target Support Files/Pods-Instagram/Pods-Instagram.debug.xcconfig"; sourceTree = "<group>"; };
		9A46B725BC3126AC3DF8B313 /* Pods_Instagram.framework */ = {isa = PBXFileReference; explicitFileType = wrapper.framework; includeInIndex = 0; path = Pods_Instagram.framework; sourceTree = BUILT_PRODUCTS_DIR; };
		E1A7FFF1F82373B2770EFF7E /* Pods-Instagram.release.xcconfig */ = {isa = PBXFileReference; includeInIndex = 1; lastKnownFileType = text.xcconfig; name = "Pods-Instagram.release.xcconfig"; path = "Target Support Files/Pods-Instagram/Pods-Instagram.release.xcconfig"; sourceTree = "<group>"; };
		FA33E2BF274FC3840017F246 /* Instagram.app */ = {isa = PBXFileReference; explicitFileType = wrapper.application; includeInIndex = 0; path = Instagram.app; sourceTree = BUILT_PRODUCTS_DIR; };
		FA33E2C2274FC3840017F246 /* AppDelegate.swift */ = {isa = PBXFileReference; lastKnownFileType = sourcecode.swift; path = AppDelegate.swift; sourceTree = "<group>"; };
		FA33E2C4274FC3840017F246 /* SceneDelegate.swift */ = {isa = PBXFileReference; lastKnownFileType = sourcecode.swift; path = SceneDelegate.swift; sourceTree = "<group>"; };
		FA33E2C6274FC3840017F246 /* HomeViewController.swift */ = {isa = PBXFileReference; lastKnownFileType = sourcecode.swift; path = HomeViewController.swift; sourceTree = "<group>"; };
		FA33E2C9274FC3840017F246 /* Base */ = {isa = PBXFileReference; lastKnownFileType = file.storyboard; name = Base; path = Base.lproj/Main.storyboard; sourceTree = "<group>"; };
		FA33E2CB274FC3880017F246 /* Assets.xcassets */ = {isa = PBXFileReference; lastKnownFileType = folder.assetcatalog; path = Assets.xcassets; sourceTree = "<group>"; };
		FA33E2CE274FC3880017F246 /* Base */ = {isa = PBXFileReference; lastKnownFileType = file.storyboard; name = Base; path = Base.lproj/LaunchScreen.storyboard; sourceTree = "<group>"; };
		FA33E2D0274FC3880017F246 /* Info.plist */ = {isa = PBXFileReference; lastKnownFileType = text.plist.xml; path = Info.plist; sourceTree = "<group>"; };
		FA33E2DC274FC5190017F246 /* ExploreViewController.swift */ = {isa = PBXFileReference; lastKnownFileType = sourcecode.swift; path = ExploreViewController.swift; sourceTree = "<group>"; };
		FA33E2DE274FC5290017F246 /* CameraViewController.swift */ = {isa = PBXFileReference; lastKnownFileType = sourcecode.swift; path = CameraViewController.swift; sourceTree = "<group>"; };
		FA33E2E0274FC5410017F246 /* NotificationViewController.swift */ = {isa = PBXFileReference; lastKnownFileType = sourcecode.swift; path = NotificationViewController.swift; sourceTree = "<group>"; };
		FA33E2E2274FC54A0017F246 /* ProfileViewController.swift */ = {isa = PBXFileReference; lastKnownFileType = sourcecode.swift; path = ProfileViewController.swift; sourceTree = "<group>"; };
		FA33E2E7274FC5B90017F246 /* LoginViewController.swift */ = {isa = PBXFileReference; lastKnownFileType = sourcecode.swift; path = LoginViewController.swift; sourceTree = "<group>"; };
		FA33E2EA274FC6070017F246 /* RegistrationViewController.swift */ = {isa = PBXFileReference; lastKnownFileType = sourcecode.swift; path = RegistrationViewController.swift; sourceTree = "<group>"; };
		FA33E2EC274FC6500017F246 /* PostViewController.swift */ = {isa = PBXFileReference; lastKnownFileType = sourcecode.swift; path = PostViewController.swift; sourceTree = "<group>"; };
		FA33E2EE274FC67D0017F246 /* EditProfileViewController.swift */ = {isa = PBXFileReference; lastKnownFileType = sourcecode.swift; path = EditProfileViewController.swift; sourceTree = "<group>"; };
		FA33E2F0274FC6960017F246 /* SettingsViewController.swift */ = {isa = PBXFileReference; lastKnownFileType = sourcecode.swift; path = SettingsViewController.swift; sourceTree = "<group>"; };
		FA33E2F2274FC6A70017F246 /* ListViewController.swift */ = {isa = PBXFileReference; lastKnownFileType = sourcecode.swift; path = ListViewController.swift; sourceTree = "<group>"; };
		FA33E2F4274FC6B60017F246 /* SearchViewController.swift */ = {isa = PBXFileReference; lastKnownFileType = sourcecode.swift; path = SearchViewController.swift; sourceTree = "<group>"; };
		FA33E2F6274FC6C40017F246 /* SearchResultViewController.swift */ = {isa = PBXFileReference; lastKnownFileType = sourcecode.swift; path = SearchResultViewController.swift; sourceTree = "<group>"; };
		FA33E2F8274FC7050017F246 /* PostEditorViewController.swift */ = {isa = PBXFileReference; lastKnownFileType = sourcecode.swift; path = PostEditorViewController.swift; sourceTree = "<group>"; };
		FA33E2FA274FC7250017F246 /* PublishPostViewController.swift */ = {isa = PBXFileReference; lastKnownFileType = sourcecode.swift; path = PublishPostViewController.swift; sourceTree = "<group>"; };
		FA857D9C2751228D008757DC /* Extensions.swift */ = {isa = PBXFileReference; lastKnownFileType = sourcecode.swift; path = Extensions.swift; sourceTree = "<group>"; };
		FA857D9F2754C9FD008757DC /* IGFeedPostTableViewCell.swift */ = {isa = PBXFileReference; lastKnownFileType = sourcecode.swift; path = IGFeedPostTableViewCell.swift; sourceTree = "<group>"; };
		FA857DA22754CBEA008757DC /* IGFeedPostHeaderTableViewCell.swift */ = {isa = PBXFileReference; lastKnownFileType = sourcecode.swift; path = IGFeedPostHeaderTableViewCell.swift; sourceTree = "<group>"; };
		FA857DA42754CC07008757DC /* IGPostActionsTableViewCell.swift */ = {isa = PBXFileReference; lastKnownFileType = sourcecode.swift; path = IGPostActionsTableViewCell.swift; sourceTree = "<group>"; };
		FA857DA62754CC27008757DC /* IGFeedPostGeneralTableViewCell.swift */ = {isa = PBXFileReference; lastKnownFileType = sourcecode.swift; path = IGFeedPostGeneralTableViewCell.swift; sourceTree = "<group>"; };
		FA857DA827563E17008757DC /* FormTableViewCell.swift */ = {isa = PBXFileReference; lastKnownFileType = sourcecode.swift; path = FormTableViewCell.swift; sourceTree = "<group>"; };
		FA857DAC2756608D008757DC /* PhotoCollectionViewCell.swift */ = {isa = PBXFileReference; lastKnownFileType = sourcecode.swift; path = PhotoCollectionViewCell.swift; sourceTree = "<group>"; };
		FA857DAE27566302008757DC /* ProfileInfoHeaderCollectionReusableView.swift */ = {isa = PBXFileReference; lastKnownFileType = sourcecode.swift; path = ProfileInfoHeaderCollectionReusableView.swift; sourceTree = "<group>"; };
		FA857DB02756633A008757DC /* ProfileTabsCollectionReusableView.swift */ = {isa = PBXFileReference; lastKnownFileType = sourcecode.swift; path = ProfileTabsCollectionReusableView.swift; sourceTree = "<group>"; };
		FA857DB22760C984008757DC /* Models.swift */ = {isa = PBXFileReference; lastKnownFileType = sourcecode.swift; path = Models.swift; sourceTree = "<group>"; };
		FAD7E9022751058000EBA216 /* GoogleService-Info.plist */ = {isa = PBXFileReference; fileEncoding = 4; lastKnownFileType = text.plist.xml; path = "GoogleService-Info.plist"; sourceTree = "<group>"; };
		FAD7E90527510AD800EBA216 /* DatabaseManager.swift */ = {isa = PBXFileReference; lastKnownFileType = sourcecode.swift; path = DatabaseManager.swift; sourceTree = "<group>"; };
		FAD7E907275116F100EBA216 /* AuthManager.swift */ = {isa = PBXFileReference; lastKnownFileType = sourcecode.swift; path = AuthManager.swift; sourceTree = "<group>"; };
		FAD7E9092751170200EBA216 /* StorageManager.swift */ = {isa = PBXFileReference; lastKnownFileType = sourcecode.swift; path = StorageManager.swift; sourceTree = "<group>"; };
/* End PBXFileReference section */

/* Begin PBXFrameworksBuildPhase section */
		FA33E2BC274FC3840017F246 /* Frameworks */ = {
			isa = PBXFrameworksBuildPhase;
			buildActionMask = 2147483647;
			files = (
				C3C9C648F2B8726F7803A2A5 /* Pods_Instagram.framework in Frameworks */,
			);
			runOnlyForDeploymentPostprocessing = 0;
		};
/* End PBXFrameworksBuildPhase section */

/* Begin PBXGroup section */
		6247365A1A16343978FC77CC /* Frameworks */ = {
			isa = PBXGroup;
			children = (
				9A46B725BC3126AC3DF8B313 /* Pods_Instagram.framework */,
			);
			name = Frameworks;
			sourceTree = "<group>";
		};
		8B615B8B8B6D96682D60F36F /* Pods */ = {
			isa = PBXGroup;
			children = (
				148D833E8D6B04B67DB98DC6 /* Pods-Instagram.debug.xcconfig */,
				E1A7FFF1F82373B2770EFF7E /* Pods-Instagram.release.xcconfig */,
			);
			path = Pods;
			sourceTree = "<group>";
		};
		FA33E2B6274FC3840017F246 = {
			isa = PBXGroup;
			children = (
				FA33E2C1274FC3840017F246 /* Instagram */,
				FA33E2C0274FC3840017F246 /* Products */,
				8B615B8B8B6D96682D60F36F /* Pods */,
				6247365A1A16343978FC77CC /* Frameworks */,
			);
			sourceTree = "<group>";
		};
		FA33E2C0274FC3840017F246 /* Products */ = {
			isa = PBXGroup;
			children = (
				FA33E2BF274FC3840017F246 /* Instagram.app */,
			);
			name = Products;
			sourceTree = "<group>";
		};
		FA33E2C1274FC3840017F246 /* Instagram */ = {
			isa = PBXGroup;
			children = (
				FA33E2D7274FC3980017F246 /* Resources */,
				FA33E2D6274FC38F0017F246 /* Models */,
				FA33E2D8274FC3A30017F246 /* Views */,
				FA33E2DA274FC3DA0017F246 /* Controllers */,
				FA33E2D0274FC3880017F246 /* Info.plist */,
			);
			path = Instagram;
			sourceTree = "<group>";
		};
		FA33E2D6274FC38F0017F246 /* Models */ = {
			isa = PBXGroup;
			children = (
				FA857DB22760C984008757DC /* Models.swift */,
			);
			path = Models;
			sourceTree = "<group>";
		};
		FA33E2D7274FC3980017F246 /* Resources */ = {
			isa = PBXGroup;
			children = (
				FAD7E9022751058000EBA216 /* GoogleService-Info.plist */,
				FA33E2C2274FC3840017F246 /* AppDelegate.swift */,
				FA33E2C4274FC3840017F246 /* SceneDelegate.swift */,
				FAD7E90527510AD800EBA216 /* DatabaseManager.swift */,
				FAD7E907275116F100EBA216 /* AuthManager.swift */,
				FAD7E9092751170200EBA216 /* StorageManager.swift */,
				FA857D9C2751228D008757DC /* Extensions.swift */,
			);
			path = Resources;
			sourceTree = "<group>";
		};
		FA33E2D8274FC3A30017F246 /* Views */ = {
			isa = PBXGroup;
			children = (
				FA857D9E2754C9D7008757DC /* Cells */,
				FA33E2CB274FC3880017F246 /* Assets.xcassets */,
				FA33E2FC274FC7420017F246 /* Storyboards */,
			);
			path = Views;
			sourceTree = "<group>";
		};
		FA33E2DA274FC3DA0017F246 /* Controllers */ = {
			isa = PBXGroup;
			children = (
				FA33E2E6274FC5A60017F246 /* Other */,
				FA33E2E4274FC56B0017F246 /* Core Tabs */,
			);
			path = Controllers;
			sourceTree = "<group>";
		};
		FA33E2E4274FC56B0017F246 /* Core Tabs */ = {
			isa = PBXGroup;
			children = (
				FA33E2C6274FC3840017F246 /* HomeViewController.swift */,
				FA33E2DC274FC5190017F246 /* ExploreViewController.swift */,
				FA33E2DE274FC5290017F246 /* CameraViewController.swift */,
				FA33E2E0274FC5410017F246 /* NotificationViewController.swift */,
				FA33E2E2274FC54A0017F246 /* ProfileViewController.swift */,
			);
			path = "Core Tabs";
			sourceTree = "<group>";
		};
		FA33E2E6274FC5A60017F246 /* Other */ = {
			isa = PBXGroup;
			children = (
				FA33E2E9274FC5D10017F246 /* Onboarding */,
				FAD7E90427510A0000EBA216 /* General */,
			);
			path = Other;
			sourceTree = "<group>";
		};
		FA33E2E9274FC5D10017F246 /* Onboarding */ = {
			isa = PBXGroup;
			children = (
				FA33E2E7274FC5B90017F246 /* LoginViewController.swift */,
				FA33E2EA274FC6070017F246 /* RegistrationViewController.swift */,
			);
			path = Onboarding;
			sourceTree = "<group>";
		};
		FA33E2FC274FC7420017F246 /* Storyboards */ = {
			isa = PBXGroup;
			children = (
				FA33E2C8274FC3840017F246 /* Main.storyboard */,
				FA33E2CD274FC3880017F246 /* LaunchScreen.storyboard */,
			);
			path = Storyboards;
			sourceTree = "<group>";
		};
		FA857D9E2754C9D7008757DC /* Cells */ = {
			isa = PBXGroup;
			children = (
				FA857DAB2756604F008757DC /* CollectionView Headers */,
				FA857DA12754CB78008757DC /* Home Feed */,
				FA857DA827563E17008757DC /* FormTableViewCell.swift */,
				FA857DAC2756608D008757DC /* PhotoCollectionViewCell.swift */,
			);
			path = Cells;
			sourceTree = "<group>";
		};
		FA857DA12754CB78008757DC /* Home Feed */ = {
			isa = PBXGroup;
			children = (
				FA857D9F2754C9FD008757DC /* IGFeedPostTableViewCell.swift */,
				FA857DA22754CBEA008757DC /* IGFeedPostHeaderTableViewCell.swift */,
				FA857DA42754CC07008757DC /* IGPostActionsTableViewCell.swift */,
				FA857DA62754CC27008757DC /* IGFeedPostGeneralTableViewCell.swift */,
			);
			path = "Home Feed";
			sourceTree = "<group>";
		};
		FA857DAB2756604F008757DC /* CollectionView Headers */ = {
			isa = PBXGroup;
			children = (
				FA857DAE27566302008757DC /* ProfileInfoHeaderCollectionReusableView.swift */,
				FA857DB02756633A008757DC /* ProfileTabsCollectionReusableView.swift */,
			);
			path = "CollectionView Headers";
			sourceTree = "<group>";
		};
		FAD7E90427510A0000EBA216 /* General */ = {
			isa = PBXGroup;
			children = (
				FA33E2F0274FC6960017F246 /* SettingsViewController.swift */,
				FA33E2EC274FC6500017F246 /* PostViewController.swift */,
				FA33E2EE274FC67D0017F246 /* EditProfileViewController.swift */,
				FA33E2F2274FC6A70017F246 /* ListViewController.swift */,
				FA33E2F4274FC6B60017F246 /* SearchViewController.swift */,
				FA33E2F6274FC6C40017F246 /* SearchResultViewController.swift */,
				FA33E2F8274FC7050017F246 /* PostEditorViewController.swift */,
				FA33E2FA274FC7250017F246 /* PublishPostViewController.swift */,
			);
			path = General;
			sourceTree = "<group>";
		};
/* End PBXGroup section */

/* Begin PBXNativeTarget section */
		FA33E2BE274FC3840017F246 /* Instagram */ = {
			isa = PBXNativeTarget;
			buildConfigurationList = FA33E2D3274FC3880017F246 /* Build configuration list for PBXNativeTarget "Instagram" */;
			buildPhases = (
				EA900A310E19363F2D4C33C5 /* [CP] Check Pods Manifest.lock */,
				FA33E2BB274FC3840017F246 /* Sources */,
				FA33E2BC274FC3840017F246 /* Frameworks */,
				FA33E2BD274FC3840017F246 /* Resources */,
				422EAE34EE512DCEAD6E43C1 /* [CP] Embed Pods Frameworks */,
			);
			buildRules = (
			);
			dependencies = (
			);
			name = Instagram;
			productName = Instagram;
			productReference = FA33E2BF274FC3840017F246 /* Instagram.app */;
			productType = "com.apple.product-type.application";
		};
/* End PBXNativeTarget section */

/* Begin PBXProject section */
		FA33E2B7274FC3840017F246 /* Project object */ = {
			isa = PBXProject;
			attributes = {
				BuildIndependentTargetsInParallel = 1;
				LastSwiftUpdateCheck = 1300;
				LastUpgradeCheck = 1300;
				TargetAttributes = {
					FA33E2BE274FC3840017F246 = {
						CreatedOnToolsVersion = 13.0;
					};
				};
			};
			buildConfigurationList = FA33E2BA274FC3840017F246 /* Build configuration list for PBXProject "Instagram" */;
			compatibilityVersion = "Xcode 13.0";
			developmentRegion = en;
			hasScannedForEncodings = 0;
			knownRegions = (
				en,
				Base,
			);
			mainGroup = FA33E2B6274FC3840017F246;
			productRefGroup = FA33E2C0274FC3840017F246 /* Products */;
			projectDirPath = "";
			projectRoot = "";
			targets = (
				FA33E2BE274FC3840017F246 /* Instagram */,
			);
		};
/* End PBXProject section */

/* Begin PBXResourcesBuildPhase section */
		FA33E2BD274FC3840017F246 /* Resources */ = {
			isa = PBXResourcesBuildPhase;
			buildActionMask = 2147483647;
			files = (
				FA33E2CF274FC3880017F246 /* LaunchScreen.storyboard in Resources */,
				FAD7E9032751058000EBA216 /* GoogleService-Info.plist in Resources */,
				FA33E2CC274FC3880017F246 /* Assets.xcassets in Resources */,
				FA33E2CA274FC3840017F246 /* Main.storyboard in Resources */,
			);
			runOnlyForDeploymentPostprocessing = 0;
		};
/* End PBXResourcesBuildPhase section */

/* Begin PBXShellScriptBuildPhase section */
		422EAE34EE512DCEAD6E43C1 /* [CP] Embed Pods Frameworks */ = {
			isa = PBXShellScriptBuildPhase;
			buildActionMask = 2147483647;
			files = (
			);
			inputFileListPaths = (
				"${PODS_ROOT}/Target Support Files/Pods-Instagram/Pods-Instagram-frameworks-${CONFIGURATION}-input-files.xcfilelist",
			);
			name = "[CP] Embed Pods Frameworks";
			outputFileListPaths = (
				"${PODS_ROOT}/Target Support Files/Pods-Instagram/Pods-Instagram-frameworks-${CONFIGURATION}-output-files.xcfilelist",
			);
			runOnlyForDeploymentPostprocessing = 0;
			shellPath = /bin/sh;
			shellScript = "\"${PODS_ROOT}/Target Support Files/Pods-Instagram/Pods-Instagram-frameworks.sh\"\n";
			showEnvVarsInLog = 0;
		};
		EA900A310E19363F2D4C33C5 /* [CP] Check Pods Manifest.lock */ = {
			isa = PBXShellScriptBuildPhase;
			buildActionMask = 2147483647;
			files = (
			);
			inputFileListPaths = (
			);
			inputPaths = (
				"${PODS_PODFILE_DIR_PATH}/Podfile.lock",
				"${PODS_ROOT}/Manifest.lock",
			);
			name = "[CP] Check Pods Manifest.lock";
			outputFileListPaths = (
			);
			outputPaths = (
				"$(DERIVED_FILE_DIR)/Pods-Instagram-checkManifestLockResult.txt",
			);
			runOnlyForDeploymentPostprocessing = 0;
			shellPath = /bin/sh;
			shellScript = "diff \"${PODS_PODFILE_DIR_PATH}/Podfile.lock\" \"${PODS_ROOT}/Manifest.lock\" > /dev/null\nif [ $? != 0 ] ; then\n    # print error to STDERR\n    echo \"error: The sandbox is not in sync with the Podfile.lock. Run 'pod install' or update your CocoaPods installation.\" >&2\n    exit 1\nfi\n# This output is used by Xcode 'outputs' to avoid re-running this script phase.\necho \"SUCCESS\" > \"${SCRIPT_OUTPUT_FILE_0}\"\n";
			showEnvVarsInLog = 0;
		};
/* End PBXShellScriptBuildPhase section */

/* Begin PBXSourcesBuildPhase section */
		FA33E2BB274FC3840017F246 /* Sources */ = {
			isa = PBXSourcesBuildPhase;
			buildActionMask = 2147483647;
			files = (
				FA33E2EF274FC67D0017F246 /* EditProfileViewController.swift in Sources */,
				FA33E2DD274FC5190017F246 /* ExploreViewController.swift in Sources */,
				FA33E2FB274FC7250017F246 /* PublishPostViewController.swift in Sources */,
				FA33E2DF274FC5290017F246 /* CameraViewController.swift in Sources */,
				FA33E2E1274FC5410017F246 /* NotificationViewController.swift in Sources */,
				FA33E2EB274FC6070017F246 /* RegistrationViewController.swift in Sources */,
				FA857DA32754CBEA008757DC /* IGFeedPostHeaderTableViewCell.swift in Sources */,
				FA33E2F9274FC7050017F246 /* PostEditorViewController.swift in Sources */,
				FAD7E90A2751170200EBA216 /* StorageManager.swift in Sources */,
				FA857DB32760C984008757DC /* Models.swift in Sources */,
				FA857DA927563E17008757DC /* FormTableViewCell.swift in Sources */,
				FA33E2ED274FC6500017F246 /* PostViewController.swift in Sources */,
				FA857DB12756633A008757DC /* ProfileTabsCollectionReusableView.swift in Sources */,
				FA857DA52754CC07008757DC /* IGPostActionsTableViewCell.swift in Sources */,
				FAD7E90627510AD800EBA216 /* DatabaseManager.swift in Sources */,
				FA33E2C7274FC3840017F246 /* HomeViewController.swift in Sources */,
				FA857DAD2756608D008757DC /* PhotoCollectionViewCell.swift in Sources */,
				FA857DA02754C9FD008757DC /* IGFeedPostTableViewCell.swift in Sources */,
				FA33E2F7274FC6C40017F246 /* SearchResultViewController.swift in Sources */,
				FA33E2E8274FC5B90017F246 /* LoginViewController.swift in Sources */,
				FA857DA72754CC27008757DC /* IGFeedPostGeneralTableViewCell.swift in Sources */,
				FA857D9D2751228D008757DC /* Extensions.swift in Sources */,
				FA857DAF27566302008757DC /* ProfileInfoHeaderCollectionReusableView.swift in Sources */,
				FA33E2F5274FC6B60017F246 /* SearchViewController.swift in Sources */,
				FA33E2E3274FC54A0017F246 /* ProfileViewController.swift in Sources */,
				FAD7E908275116F100EBA216 /* AuthManager.swift in Sources */,
				FA33E2C3274FC3840017F246 /* AppDelegate.swift in Sources */,
				FA33E2C5274FC3840017F246 /* SceneDelegate.swift in Sources */,
				FA33E2F3274FC6A70017F246 /* ListViewController.swift in Sources */,
				FA33E2F1274FC6960017F246 /* SettingsViewController.swift in Sources */,
			);
			runOnlyForDeploymentPostprocessing = 0;
		};
/* End PBXSourcesBuildPhase section */

/* Begin PBXVariantGroup section */
		FA33E2C8274FC3840017F246 /* Main.storyboard */ = {
			isa = PBXVariantGroup;
			children = (
				FA33E2C9274FC3840017F246 /* Base */,
			);
			name = Main.storyboard;
			sourceTree = "<group>";
		};
		FA33E2CD274FC3880017F246 /* LaunchScreen.storyboard */ = {
			isa = PBXVariantGroup;
			children = (
				FA33E2CE274FC3880017F246 /* Base */,
			);
			name = LaunchScreen.storyboard;
			sourceTree = "<group>";
		};
/* End PBXVariantGroup section */

/* Begin XCBuildConfiguration section */
		FA33E2D1274FC3880017F246 /* Debug */ = {
			isa = XCBuildConfiguration;
			buildSettings = {
				ALWAYS_SEARCH_USER_PATHS = NO;
				CLANG_ANALYZER_NONNULL = YES;
				CLANG_ANALYZER_NUMBER_OBJECT_CONVERSION = YES_AGGRESSIVE;
				CLANG_CXX_LANGUAGE_STANDARD = "gnu++17";
				CLANG_CXX_LIBRARY = "libc++";
				CLANG_ENABLE_MODULES = YES;
				CLANG_ENABLE_OBJC_ARC = YES;
				CLANG_ENABLE_OBJC_WEAK = YES;
				CLANG_WARN_BLOCK_CAPTURE_AUTORELEASING = YES;
				CLANG_WARN_BOOL_CONVERSION = YES;
				CLANG_WARN_COMMA = YES;
				CLANG_WARN_CONSTANT_CONVERSION = YES;
				CLANG_WARN_DEPRECATED_OBJC_IMPLEMENTATIONS = YES;
				CLANG_WARN_DIRECT_OBJC_ISA_USAGE = YES_ERROR;
				CLANG_WARN_DOCUMENTATION_COMMENTS = YES;
				CLANG_WARN_EMPTY_BODY = YES;
				CLANG_WARN_ENUM_CONVERSION = YES;
				CLANG_WARN_INFINITE_RECURSION = YES;
				CLANG_WARN_INT_CONVERSION = YES;
				CLANG_WARN_NON_LITERAL_NULL_CONVERSION = YES;
				CLANG_WARN_OBJC_IMPLICIT_RETAIN_SELF = YES;
				CLANG_WARN_OBJC_LITERAL_CONVERSION = YES;
				CLANG_WARN_OBJC_ROOT_CLASS = YES_ERROR;
				CLANG_WARN_QUOTED_INCLUDE_IN_FRAMEWORK_HEADER = YES;
				CLANG_WARN_RANGE_LOOP_ANALYSIS = YES;
				CLANG_WARN_STRICT_PROTOTYPES = YES;
				CLANG_WARN_SUSPICIOUS_MOVE = YES;
				CLANG_WARN_UNGUARDED_AVAILABILITY = YES_AGGRESSIVE;
				CLANG_WARN_UNREACHABLE_CODE = YES;
				CLANG_WARN__DUPLICATE_METHOD_MATCH = YES;
				COPY_PHASE_STRIP = NO;
				DEBUG_INFORMATION_FORMAT = dwarf;
				ENABLE_STRICT_OBJC_MSGSEND = YES;
				ENABLE_TESTABILITY = YES;
				GCC_C_LANGUAGE_STANDARD = gnu11;
				GCC_DYNAMIC_NO_PIC = NO;
				GCC_NO_COMMON_BLOCKS = YES;
				GCC_OPTIMIZATION_LEVEL = 0;
				GCC_PREPROCESSOR_DEFINITIONS = (
					"DEBUG=1",
					"$(inherited)",
				);
				GCC_WARN_64_TO_32_BIT_CONVERSION = YES;
				GCC_WARN_ABOUT_RETURN_TYPE = YES_ERROR;
				GCC_WARN_UNDECLARED_SELECTOR = YES;
				GCC_WARN_UNINITIALIZED_AUTOS = YES_AGGRESSIVE;
				GCC_WARN_UNUSED_FUNCTION = YES;
				GCC_WARN_UNUSED_VARIABLE = YES;
				IPHONEOS_DEPLOYMENT_TARGET = 15.0;
				MTL_ENABLE_DEBUG_INFO = INCLUDE_SOURCE;
				MTL_FAST_MATH = YES;
				ONLY_ACTIVE_ARCH = YES;
				SDKROOT = iphoneos;
				SWIFT_ACTIVE_COMPILATION_CONDITIONS = DEBUG;
				SWIFT_OPTIMIZATION_LEVEL = "-Onone";
			};
			name = Debug;
		};
		FA33E2D2274FC3880017F246 /* Release */ = {
			isa = XCBuildConfiguration;
			buildSettings = {
				ALWAYS_SEARCH_USER_PATHS = NO;
				CLANG_ANALYZER_NONNULL = YES;
				CLANG_ANALYZER_NUMBER_OBJECT_CONVERSION = YES_AGGRESSIVE;
				CLANG_CXX_LANGUAGE_STANDARD = "gnu++17";
				CLANG_CXX_LIBRARY = "libc++";
				CLANG_ENABLE_MODULES = YES;
				CLANG_ENABLE_OBJC_ARC = YES;
				CLANG_ENABLE_OBJC_WEAK = YES;
				CLANG_WARN_BLOCK_CAPTURE_AUTORELEASING = YES;
				CLANG_WARN_BOOL_CONVERSION = YES;
				CLANG_WARN_COMMA = YES;
				CLANG_WARN_CONSTANT_CONVERSION = YES;
				CLANG_WARN_DEPRECATED_OBJC_IMPLEMENTATIONS = YES;
				CLANG_WARN_DIRECT_OBJC_ISA_USAGE = YES_ERROR;
				CLANG_WARN_DOCUMENTATION_COMMENTS = YES;
				CLANG_WARN_EMPTY_BODY = YES;
				CLANG_WARN_ENUM_CONVERSION = YES;
				CLANG_WARN_INFINITE_RECURSION = YES;
				CLANG_WARN_INT_CONVERSION = YES;
				CLANG_WARN_NON_LITERAL_NULL_CONVERSION = YES;
				CLANG_WARN_OBJC_IMPLICIT_RETAIN_SELF = YES;
				CLANG_WARN_OBJC_LITERAL_CONVERSION = YES;
				CLANG_WARN_OBJC_ROOT_CLASS = YES_ERROR;
				CLANG_WARN_QUOTED_INCLUDE_IN_FRAMEWORK_HEADER = YES;
				CLANG_WARN_RANGE_LOOP_ANALYSIS = YES;
				CLANG_WARN_STRICT_PROTOTYPES = YES;
				CLANG_WARN_SUSPICIOUS_MOVE = YES;
				CLANG_WARN_UNGUARDED_AVAILABILITY = YES_AGGRESSIVE;
				CLANG_WARN_UNREACHABLE_CODE = YES;
				CLANG_WARN__DUPLICATE_METHOD_MATCH = YES;
				COPY_PHASE_STRIP = NO;
				DEBUG_INFORMATION_FORMAT = "dwarf-with-dsym";
				ENABLE_NS_ASSERTIONS = NO;
				ENABLE_STRICT_OBJC_MSGSEND = YES;
				GCC_C_LANGUAGE_STANDARD = gnu11;
				GCC_NO_COMMON_BLOCKS = YES;
				GCC_WARN_64_TO_32_BIT_CONVERSION = YES;
				GCC_WARN_ABOUT_RETURN_TYPE = YES_ERROR;
				GCC_WARN_UNDECLARED_SELECTOR = YES;
				GCC_WARN_UNINITIALIZED_AUTOS = YES_AGGRESSIVE;
				GCC_WARN_UNUSED_FUNCTION = YES;
				GCC_WARN_UNUSED_VARIABLE = YES;
				IPHONEOS_DEPLOYMENT_TARGET = 15.0;
				MTL_ENABLE_DEBUG_INFO = NO;
				MTL_FAST_MATH = YES;
				SDKROOT = iphoneos;
				SWIFT_COMPILATION_MODE = wholemodule;
				SWIFT_OPTIMIZATION_LEVEL = "-O";
				VALIDATE_PRODUCT = YES;
			};
			name = Release;
		};
		FA33E2D4274FC3880017F246 /* Debug */ = {
			isa = XCBuildConfiguration;
			baseConfigurationReference = 148D833E8D6B04B67DB98DC6 /* Pods-Instagram.debug.xcconfig */;
			buildSettings = {
				ASSETCATALOG_COMPILER_APPICON_NAME = AppIcon;
				ASSETCATALOG_COMPILER_GLOBAL_ACCENT_COLOR_NAME = AccentColor;
				CODE_SIGN_STYLE = Automatic;
				CURRENT_PROJECT_VERSION = 1;
				GENERATE_INFOPLIST_FILE = YES;
				INFOPLIST_FILE = Instagram/Info.plist;
				INFOPLIST_KEY_UIApplicationSupportsIndirectInputEvents = YES;
				INFOPLIST_KEY_UILaunchStoryboardName = LaunchScreen;
				INFOPLIST_KEY_UIMainStoryboardFile = Main;
				INFOPLIST_KEY_UISupportedInterfaceOrientations = UIInterfaceOrientationPortrait;
				INFOPLIST_KEY_UISupportedInterfaceOrientations_iPad = "UIInterfaceOrientationPortrait UIInterfaceOrientationPortraitUpsideDown UIInterfaceOrientationLandscapeLeft UIInterfaceOrientationLandscapeRight";
				INFOPLIST_KEY_UISupportedInterfaceOrientations_iPhone = "UIInterfaceOrientationPortrait UIInterfaceOrientationLandscapeLeft UIInterfaceOrientationLandscapeRight";
				IPHONEOS_DEPLOYMENT_TARGET = 15.0;
				LD_RUNPATH_SEARCH_PATHS = (
					"$(inherited)",
					"@executable_path/Frameworks",
				);
				MARKETING_VERSION = 1.0;
				PRODUCT_BUNDLE_IDENTIFIER = com.mileTap.Instagram;
				PRODUCT_NAME = "$(TARGET_NAME)";
				SWIFT_EMIT_LOC_STRINGS = YES;
				SWIFT_VERSION = 5.0;
				TARGETED_DEVICE_FAMILY = "1,2";
			};
			name = Debug;
		};
		FA33E2D5274FC3880017F246 /* Release */ = {
			isa = XCBuildConfiguration;
			baseConfigurationReference = E1A7FFF1F82373B2770EFF7E /* Pods-Instagram.release.xcconfig */;
			buildSettings = {
				ASSETCATALOG_COMPILER_APPICON_NAME = AppIcon;
				ASSETCATALOG_COMPILER_GLOBAL_ACCENT_COLOR_NAME = AccentColor;
				CODE_SIGN_STYLE = Automatic;
				CURRENT_PROJECT_VERSION = 1;
				GENERATE_INFOPLIST_FILE = YES;
				INFOPLIST_FILE = Instagram/Info.plist;
				INFOPLIST_KEY_UIApplicationSupportsIndirectInputEvents = YES;
				INFOPLIST_KEY_UILaunchStoryboardName = LaunchScreen;
				INFOPLIST_KEY_UIMainStoryboardFile = Main;
				INFOPLIST_KEY_UISupportedInterfaceOrientations = UIInterfaceOrientationPortrait;
				INFOPLIST_KEY_UISupportedInterfaceOrientations_iPad = "UIInterfaceOrientationPortrait UIInterfaceOrientationPortraitUpsideDown UIInterfaceOrientationLandscapeLeft UIInterfaceOrientationLandscapeRight";
				INFOPLIST_KEY_UISupportedInterfaceOrientations_iPhone = "UIInterfaceOrientationPortrait UIInterfaceOrientationLandscapeLeft UIInterfaceOrientationLandscapeRight";
				IPHONEOS_DEPLOYMENT_TARGET = 15.0;
				LD_RUNPATH_SEARCH_PATHS = (
					"$(inherited)",
					"@executable_path/Frameworks",
				);
				MARKETING_VERSION = 1.0;
				PRODUCT_BUNDLE_IDENTIFIER = com.mileTap.Instagram;
				PRODUCT_NAME = "$(TARGET_NAME)";
				SWIFT_EMIT_LOC_STRINGS = YES;
				SWIFT_VERSION = 5.0;
				TARGETED_DEVICE_FAMILY = "1,2";
			};
			name = Release;
		};
/* End XCBuildConfiguration section */

/* Begin XCConfigurationList section */
		FA33E2BA274FC3840017F246 /* Build configuration list for PBXProject "Instagram" */ = {
			isa = XCConfigurationList;
			buildConfigurations = (
				FA33E2D1274FC3880017F246 /* Debug */,
				FA33E2D2274FC3880017F246 /* Release */,
			);
			defaultConfigurationIsVisible = 0;
			defaultConfigurationName = Release;
		};
		FA33E2D3274FC3880017F246 /* Build configuration list for PBXNativeTarget "Instagram" */ = {
			isa = XCConfigurationList;
			buildConfigurations = (
				FA33E2D4274FC3880017F246 /* Debug */,
				FA33E2D5274FC3880017F246 /* Release */,
			);
			defaultConfigurationIsVisible = 0;
			defaultConfigurationName = Release;
		};
/* End XCConfigurationList section */
	};
	rootObject = FA33E2B7274FC3840017F246 /* Project object */;
}
